// !$*UTF8*$!
{
	archiveVersion = 1;
	classes = {
	};
	objectVersion = 55;
	objects = {

/* Begin PBXBuildFile section */
		7C468F6A3DD6AE3E4D040023 /* Pods_H_TakeHome.framework in Frameworks */ = {isa = PBXBuildFile; fileRef = C67112B3DC7D0FF003B51E19 /* Pods_H_TakeHome.framework */; };
		7FAD0F4E2A44B396000E35E7 /* AppDelegate.swift in Sources */ = {isa = PBXBuildFile; fileRef = 7FAD0F4D2A44B396000E35E7 /* AppDelegate.swift */; };
		7FAD0F502A44B396000E35E7 /* SceneDelegate.swift in Sources */ = {isa = PBXBuildFile; fileRef = 7FAD0F4F2A44B396000E35E7 /* SceneDelegate.swift */; };
		7FAD0F522A44B396000E35E7 /* MainViewController.swift in Sources */ = {isa = PBXBuildFile; fileRef = 7FAD0F512A44B396000E35E7 /* MainViewController.swift */; };
		7FAD0F572A44B397000E35E7 /* Assets.xcassets in Resources */ = {isa = PBXBuildFile; fileRef = 7FAD0F562A44B397000E35E7 /* Assets.xcassets */; };
		7FAD0F5A2A44B397000E35E7 /* LaunchScreen.storyboard in Resources */ = {isa = PBXBuildFile; fileRef = 7FAD0F582A44B397000E35E7 /* LaunchScreen.storyboard */; };
		7FAD0F882A46A268000E35E7 /* TabBarController.swift in Sources */ = {isa = PBXBuildFile; fileRef = 7FAD0F872A46A268000E35E7 /* TabBarController.swift */; };
		7FAD0F8A2A46A35D000E35E7 /* ContactInfoPresenter.swift in Sources */ = {isa = PBXBuildFile; fileRef = 7FAD0F892A46A35D000E35E7 /* ContactInfoPresenter.swift */; };
		7FAD0F8C2A46A36F000E35E7 /* PizzaListPresenter.swift in Sources */ = {isa = PBXBuildFile; fileRef = 7FAD0F8B2A46A36F000E35E7 /* PizzaListPresenter.swift */; };
		7FAD0F8E2A46A397000E35E7 /* ShoppingCartPresenter.swift in Sources */ = {isa = PBXBuildFile; fileRef = 7FAD0F8D2A46A397000E35E7 /* ShoppingCartPresenter.swift */; };
		7FAD0F902A46A3AB000E35E7 /* ProfileInfoPresenter.swift in Sources */ = {isa = PBXBuildFile; fileRef = 7FAD0F8F2A46A3AB000E35E7 /* ProfileInfoPresenter.swift */; };
		7FAD0F922A46A3D9000E35E7 /* PizzaListVC.swift in Sources */ = {isa = PBXBuildFile; fileRef = 7FAD0F912A46A3D9000E35E7 /* PizzaListVC.swift */; };
		7FAD0F942A46A50D000E35E7 /* ContactInfoVC.swift in Sources */ = {isa = PBXBuildFile; fileRef = 7FAD0F932A46A50D000E35E7 /* ContactInfoVC.swift */; };
		7FAD0F962A46A524000E35E7 /* ProfileInfoVC.swift in Sources */ = {isa = PBXBuildFile; fileRef = 7FAD0F952A46A524000E35E7 /* ProfileInfoVC.swift */; };
		7FAD0F982A46A539000E35E7 /* ShoppingCartVC.swift in Sources */ = {isa = PBXBuildFile; fileRef = 7FAD0F972A46A538000E35E7 /* ShoppingCartVC.swift */; };
		7FAD0F9B2A46B20E000E35E7 /* ApiService.swift in Sources */ = {isa = PBXBuildFile; fileRef = 7FAD0F9A2A46B20E000E35E7 /* ApiService.swift */; };
		7FAD0F9D2A46B3DC000E35E7 /* Model.swift in Sources */ = {isa = PBXBuildFile; fileRef = 7FAD0F9C2A46B3DC000E35E7 /* Model.swift */; };
		7FAD0F9F2A46BB4A000E35E7 /* PizzaListHomeView.swift in Sources */ = {isa = PBXBuildFile; fileRef = 7FAD0F9E2A46BB4A000E35E7 /* PizzaListHomeView.swift */; };
		7FAD0FA22A46BEEB000E35E7 /* BannerCellFlowLayout.swift in Sources */ = {isa = PBXBuildFile; fileRef = 7FAD0FA12A46BEEB000E35E7 /* BannerCellFlowLayout.swift */; };
		7FAD0FA62A46C268000E35E7 /* AdvertisementBannerCollectionLayout.swift in Sources */ = {isa = PBXBuildFile; fileRef = 7FAD0FA52A46C268000E35E7 /* AdvertisementBannerCollectionLayout.swift */; };
		7FAD0FA82A46CBE8000E35E7 /* AdvertisementBannerCollectionCell.swift in Sources */ = {isa = PBXBuildFile; fileRef = 7FAD0FA72A46CBE8000E35E7 /* AdvertisementBannerCollectionCell.swift */; };
		7FAD0FAA2A46D0C9000E35E7 /* MenuCatergoryCell.swift in Sources */ = {isa = PBXBuildFile; fileRef = 7FAD0FA92A46D0C9000E35E7 /* MenuCatergoryCell.swift */; };
		7FAD0FAE2A46DA0C000E35E7 /* Extensions.swift in Sources */ = {isa = PBXBuildFile; fileRef = 7FAD0FAD2A46DA0C000E35E7 /* Extensions.swift */; };
/* End PBXBuildFile section */

/* Begin PBXFileReference section */
		7FAD0F4A2A44B396000E35E7 /* H_TakeHome.app */ = {isa = PBXFileReference; explicitFileType = wrapper.application; includeInIndex = 0; path = H_TakeHome.app; sourceTree = BUILT_PRODUCTS_DIR; };
		7FAD0F4D2A44B396000E35E7 /* AppDelegate.swift */ = {isa = PBXFileReference; lastKnownFileType = sourcecode.swift; path = AppDelegate.swift; sourceTree = "<group>"; };
		7FAD0F4F2A44B396000E35E7 /* SceneDelegate.swift */ = {isa = PBXFileReference; lastKnownFileType = sourcecode.swift; path = SceneDelegate.swift; sourceTree = "<group>"; };
		7FAD0F512A44B396000E35E7 /* MainViewController.swift */ = {isa = PBXFileReference; lastKnownFileType = sourcecode.swift; path = MainViewController.swift; sourceTree = "<group>"; };
		7FAD0F562A44B397000E35E7 /* Assets.xcassets */ = {isa = PBXFileReference; lastKnownFileType = folder.assetcatalog; path = Assets.xcassets; sourceTree = "<group>"; };
		7FAD0F592A44B397000E35E7 /* Base */ = {isa = PBXFileReference; lastKnownFileType = file.storyboard; name = Base; path = Base.lproj/LaunchScreen.storyboard; sourceTree = "<group>"; };
		7FAD0F5B2A44B397000E35E7 /* Info.plist */ = {isa = PBXFileReference; lastKnownFileType = text.plist.xml; path = Info.plist; sourceTree = "<group>"; };
		7FAD0F872A46A268000E35E7 /* TabBarController.swift */ = {isa = PBXFileReference; lastKnownFileType = sourcecode.swift; path = TabBarController.swift; sourceTree = "<group>"; };
		7FAD0F892A46A35D000E35E7 /* ContactInfoPresenter.swift */ = {isa = PBXFileReference; lastKnownFileType = sourcecode.swift; name = ContactInfoPresenter.swift; path = H_TakeHome/View/ContactInfoPresenter.swift; sourceTree = SOURCE_ROOT; };
		7FAD0F8B2A46A36F000E35E7 /* PizzaListPresenter.swift */ = {isa = PBXFileReference; lastKnownFileType = sourcecode.swift; path = PizzaListPresenter.swift; sourceTree = "<group>"; };
		7FAD0F8D2A46A397000E35E7 /* ShoppingCartPresenter.swift */ = {isa = PBXFileReference; lastKnownFileType = sourcecode.swift; path = ShoppingCartPresenter.swift; sourceTree = "<group>"; };
		7FAD0F8F2A46A3AB000E35E7 /* ProfileInfoPresenter.swift */ = {isa = PBXFileReference; lastKnownFileType = sourcecode.swift; path = ProfileInfoPresenter.swift; sourceTree = "<group>"; };
		7FAD0F912A46A3D9000E35E7 /* PizzaListVC.swift */ = {isa = PBXFileReference; lastKnownFileType = sourcecode.swift; path = PizzaListVC.swift; sourceTree = "<group>"; };
		7FAD0F932A46A50D000E35E7 /* ContactInfoVC.swift */ = {isa = PBXFileReference; lastKnownFileType = sourcecode.swift; path = ContactInfoVC.swift; sourceTree = "<group>"; };
		7FAD0F952A46A524000E35E7 /* ProfileInfoVC.swift */ = {isa = PBXFileReference; lastKnownFileType = sourcecode.swift; path = ProfileInfoVC.swift; sourceTree = "<group>"; };
		7FAD0F972A46A538000E35E7 /* ShoppingCartVC.swift */ = {isa = PBXFileReference; lastKnownFileType = sourcecode.swift; path = ShoppingCartVC.swift; sourceTree = "<group>"; };
		7FAD0F9A2A46B20E000E35E7 /* ApiService.swift */ = {isa = PBXFileReference; lastKnownFileType = sourcecode.swift; path = ApiService.swift; sourceTree = "<group>"; };
		7FAD0F9C2A46B3DC000E35E7 /* Model.swift */ = {isa = PBXFileReference; lastKnownFileType = sourcecode.swift; path = Model.swift; sourceTree = "<group>"; };
		7FAD0F9E2A46BB4A000E35E7 /* PizzaListHomeView.swift */ = {isa = PBXFileReference; lastKnownFileType = sourcecode.swift; path = PizzaListHomeView.swift; sourceTree = "<group>"; };
		7FAD0FA12A46BEEB000E35E7 /* BannerCellFlowLayout.swift */ = {isa = PBXFileReference; lastKnownFileType = sourcecode.swift; path = BannerCellFlowLayout.swift; sourceTree = "<group>"; };
		7FAD0FA52A46C268000E35E7 /* AdvertisementBannerCollectionLayout.swift */ = {isa = PBXFileReference; fileEncoding = 4; lastKnownFileType = sourcecode.swift; path = AdvertisementBannerCollectionLayout.swift; sourceTree = "<group>"; };
		7FAD0FA72A46CBE8000E35E7 /* AdvertisementBannerCollectionCell.swift */ = {isa = PBXFileReference; lastKnownFileType = sourcecode.swift; path = AdvertisementBannerCollectionCell.swift; sourceTree = "<group>"; };
		7FAD0FA92A46D0C9000E35E7 /* MenuCatergoryCell.swift */ = {isa = PBXFileReference; lastKnownFileType = sourcecode.swift; path = MenuCatergoryCell.swift; sourceTree = "<group>"; };
		7FAD0FAD2A46DA0C000E35E7 /* Extensions.swift */ = {isa = PBXFileReference; fileEncoding = 4; lastKnownFileType = sourcecode.swift; path = Extensions.swift; sourceTree = "<group>"; };
		9EBD966C8D2E95AA6A5838BF /* Pods-H_TakeHome.release.xcconfig */ = {isa = PBXFileReference; includeInIndex = 1; lastKnownFileType = text.xcconfig; name = "Pods-H_TakeHome.release.xcconfig"; path = "Target Support Files/Pods-H_TakeHome/Pods-H_TakeHome.release.xcconfig"; sourceTree = "<group>"; };
		B9CD681471F282E862018D25 /* Pods-H_TakeHome.debug.xcconfig */ = {isa = PBXFileReference; includeInIndex = 1; lastKnownFileType = text.xcconfig; name = "Pods-H_TakeHome.debug.xcconfig"; path = "Target Support Files/Pods-H_TakeHome/Pods-H_TakeHome.debug.xcconfig"; sourceTree = "<group>"; };
		C67112B3DC7D0FF003B51E19 /* Pods_H_TakeHome.framework */ = {isa = PBXFileReference; explicitFileType = wrapper.framework; includeInIndex = 0; path = Pods_H_TakeHome.framework; sourceTree = BUILT_PRODUCTS_DIR; };
/* End PBXFileReference section */

/* Begin PBXFrameworksBuildPhase section */
		7FAD0F472A44B396000E35E7 /* Frameworks */ = {
			isa = PBXFrameworksBuildPhase;
			buildActionMask = 2147483647;
			files = (
				7C468F6A3DD6AE3E4D040023 /* Pods_H_TakeHome.framework in Frameworks */,
			);
			runOnlyForDeploymentPostprocessing = 0;
		};
/* End PBXFrameworksBuildPhase section */

/* Begin PBXGroup section */
		2069777E9D1D9F21E543C229 /* Frameworks */ = {
			isa = PBXGroup;
			children = (
				C67112B3DC7D0FF003B51E19 /* Pods_H_TakeHome.framework */,
			);
			name = Frameworks;
			sourceTree = "<group>";
		};
		673366F922B94C74B51B7D06 /* Pods */ = {
			isa = PBXGroup;
			children = (
				B9CD681471F282E862018D25 /* Pods-H_TakeHome.debug.xcconfig */,
				9EBD966C8D2E95AA6A5838BF /* Pods-H_TakeHome.release.xcconfig */,
			);
			path = Pods;
			sourceTree = "<group>";
		};
		7FAD0F412A44B396000E35E7 = {
			isa = PBXGroup;
			children = (
				7FAD0F4C2A44B396000E35E7 /* H_TakeHome */,
				7FAD0F4B2A44B396000E35E7 /* Products */,
				673366F922B94C74B51B7D06 /* Pods */,
				2069777E9D1D9F21E543C229 /* Frameworks */,
			);
			sourceTree = "<group>";
		};
		7FAD0F4B2A44B396000E35E7 /* Products */ = {
			isa = PBXGroup;
			children = (
				7FAD0F4A2A44B396000E35E7 /* H_TakeHome.app */,
			);
			name = Products;
			sourceTree = "<group>";
		};
		7FAD0F4C2A44B396000E35E7 /* H_TakeHome */ = {
			isa = PBXGroup;
			children = (
				7FAD0F812A46A1C1000E35E7 /* Presenter */,
				7FAD0F822A46A1D5000E35E7 /* Model */,
				7FAD0F852A46A224000E35E7 /* View */,
				7FAD0FAC2A46DA0C000E35E7 /* Helpers */,
				7FAD0F992A46B1DC000E35E7 /* Network */,
				7FAD0F4D2A44B396000E35E7 /* AppDelegate.swift */,
				7FAD0F4F2A44B396000E35E7 /* SceneDelegate.swift */,
				7FAD0F512A44B396000E35E7 /* MainViewController.swift */,
				7FAD0F562A44B397000E35E7 /* Assets.xcassets */,
				7FAD0F582A44B397000E35E7 /* LaunchScreen.storyboard */,
				7FAD0F5B2A44B397000E35E7 /* Info.plist */,
			);
			path = H_TakeHome;
			sourceTree = "<group>";
		};
		7FAD0F812A46A1C1000E35E7 /* Presenter */ = {
			isa = PBXGroup;
			children = (
				7FAD0F8B2A46A36F000E35E7 /* PizzaListPresenter.swift */,
				7FAD0F8F2A46A3AB000E35E7 /* ProfileInfoPresenter.swift */,
				7FAD0F892A46A35D000E35E7 /* ContactInfoPresenter.swift */,
				7FAD0F8D2A46A397000E35E7 /* ShoppingCartPresenter.swift */,
			);
			path = Presenter;
			sourceTree = "<group>";
		};
		7FAD0F822A46A1D5000E35E7 /* Model */ = {
			isa = PBXGroup;
			children = (
				7FAD0F9C2A46B3DC000E35E7 /* Model.swift */,
			);
			path = Model;
			sourceTree = "<group>";
		};
		7FAD0F852A46A224000E35E7 /* View */ = {
			isa = PBXGroup;
			children = (
				7FAD0FA02A46BE93000E35E7 /* Cell */,
				7FAD0F862A46A241000E35E7 /* VC */,
				7FAD0F9E2A46BB4A000E35E7 /* PizzaListHomeView.swift */,
			);
			path = View;
			sourceTree = "<group>";
		};
		7FAD0F862A46A241000E35E7 /* VC */ = {
			isa = PBXGroup;
			children = (
				7FAD0F912A46A3D9000E35E7 /* PizzaListVC.swift */,
				7FAD0F932A46A50D000E35E7 /* ContactInfoVC.swift */,
				7FAD0F952A46A524000E35E7 /* ProfileInfoVC.swift */,
				7FAD0F972A46A538000E35E7 /* ShoppingCartVC.swift */,
				7FAD0F872A46A268000E35E7 /* TabBarController.swift */,
			);
			name = VC;
			sourceTree = "<group>";
		};
		7FAD0F992A46B1DC000E35E7 /* Network */ = {
			isa = PBXGroup;
			children = (
				7FAD0F9A2A46B20E000E35E7 /* ApiService.swift */,
			);
			path = Network;
			sourceTree = "<group>";
		};
		7FAD0FA02A46BE93000E35E7 /* Cell */ = {
			isa = PBXGroup;
			children = (
				7FAD0FA52A46C268000E35E7 /* AdvertisementBannerCollectionLayout.swift */,
				7FAD0FA12A46BEEB000E35E7 /* BannerCellFlowLayout.swift */,
				7FAD0FA92A46D0C9000E35E7 /* MenuCatergoryCell.swift */,
				7FAD0FA72A46CBE8000E35E7 /* AdvertisementBannerCollectionCell.swift */,
			);
			name = Cell;
			sourceTree = "<group>";
		};
		7FAD0FAC2A46DA0C000E35E7 /* Helpers */ = {
			isa = PBXGroup;
			children = (
				7FAD0FAD2A46DA0C000E35E7 /* Extensions.swift */,
			);
			path = Helpers;
			sourceTree = "<group>";
		};
/* End PBXGroup section */

/* Begin PBXNativeTarget section */
		7FAD0F492A44B396000E35E7 /* H_TakeHome */ = {
			isa = PBXNativeTarget;
			buildConfigurationList = 7FAD0F5E2A44B397000E35E7 /* Build configuration list for PBXNativeTarget "H_TakeHome" */;
			buildPhases = (
				4D4EBACB831EAC971FBC8D13 /* [CP] Check Pods Manifest.lock */,
				7FAD0F462A44B396000E35E7 /* Sources */,
				7FAD0F472A44B396000E35E7 /* Frameworks */,
				7FAD0F482A44B396000E35E7 /* Resources */,
				5ECF4514C23BC456F28C5C9B /* [CP] Embed Pods Frameworks */,
			);
			buildRules = (
			);
			dependencies = (
			);
			name = H_TakeHome;
			productName = H_TakeHome;
			productReference = 7FAD0F4A2A44B396000E35E7 /* H_TakeHome.app */;
			productType = "com.apple.product-type.application";
		};
/* End PBXNativeTarget section */

/* Begin PBXProject section */
		7FAD0F422A44B396000E35E7 /* Project object */ = {
			isa = PBXProject;
			attributes = {
				BuildIndependentTargetsInParallel = 1;
				LastSwiftUpdateCheck = 1400;
				LastUpgradeCheck = 1400;
				TargetAttributes = {
					7FAD0F492A44B396000E35E7 = {
						CreatedOnToolsVersion = 14.0;
					};
				};
			};
			buildConfigurationList = 7FAD0F452A44B396000E35E7 /* Build configuration list for PBXProject "H_TakeHome" */;
			compatibilityVersion = "Xcode 13.0";
			developmentRegion = en;
			hasScannedForEncodings = 0;
			knownRegions = (
				en,
				Base,
			);
			mainGroup = 7FAD0F412A44B396000E35E7;
			productRefGroup = 7FAD0F4B2A44B396000E35E7 /* Products */;
			projectDirPath = "";
			projectRoot = "";
			targets = (
				7FAD0F492A44B396000E35E7 /* H_TakeHome */,
			);
		};
/* End PBXProject section */

/* Begin PBXResourcesBuildPhase section */
		7FAD0F482A44B396000E35E7 /* Resources */ = {
			isa = PBXResourcesBuildPhase;
			buildActionMask = 2147483647;
			files = (
				7FAD0F5A2A44B397000E35E7 /* LaunchScreen.storyboard in Resources */,
				7FAD0F572A44B397000E35E7 /* Assets.xcassets in Resources */,
			);
			runOnlyForDeploymentPostprocessing = 0;
		};
/* End PBXResourcesBuildPhase section */

/* Begin PBXShellScriptBuildPhase section */
		4D4EBACB831EAC971FBC8D13 /* [CP] Check Pods Manifest.lock */ = {
			isa = PBXShellScriptBuildPhase;
			buildActionMask = 2147483647;
			files = (
			);
			inputFileListPaths = (
			);
			inputPaths = (
				"${PODS_PODFILE_DIR_PATH}/Podfile.lock",
				"${PODS_ROOT}/Manifest.lock",
			);
			name = "[CP] Check Pods Manifest.lock";
			outputFileListPaths = (
			);
			outputPaths = (
				"$(DERIVED_FILE_DIR)/Pods-H_TakeHome-checkManifestLockResult.txt",
			);
			runOnlyForDeploymentPostprocessing = 0;
			shellPath = /bin/sh;
			shellScript = "diff \"${PODS_PODFILE_DIR_PATH}/Podfile.lock\" \"${PODS_ROOT}/Manifest.lock\" > /dev/null\nif [ $? != 0 ] ; then\n    # print error to STDERR\n    echo \"error: The sandbox is not in sync with the Podfile.lock. Run 'pod install' or update your CocoaPods installation.\" >&2\n    exit 1\nfi\n# This output is used by Xcode 'outputs' to avoid re-running this script phase.\necho \"SUCCESS\" > \"${SCRIPT_OUTPUT_FILE_0}\"\n";
			showEnvVarsInLog = 0;
		};
		5ECF4514C23BC456F28C5C9B /* [CP] Embed Pods Frameworks */ = {
			isa = PBXShellScriptBuildPhase;
			buildActionMask = 2147483647;
			files = (
			);
			inputFileListPaths = (
				"${PODS_ROOT}/Target Support Files/Pods-H_TakeHome/Pods-H_TakeHome-frameworks-${CONFIGURATION}-input-files.xcfilelist",
			);
			name = "[CP] Embed Pods Frameworks";
			outputFileListPaths = (
				"${PODS_ROOT}/Target Support Files/Pods-H_TakeHome/Pods-H_TakeHome-frameworks-${CONFIGURATION}-output-files.xcfilelist",
			);
			runOnlyForDeploymentPostprocessing = 0;
			shellPath = /bin/sh;
			shellScript = "\"${PODS_ROOT}/Target Support Files/Pods-H_TakeHome/Pods-H_TakeHome-frameworks.sh\"\n";
			showEnvVarsInLog = 0;
		};
/* End PBXShellScriptBuildPhase section */

/* Begin PBXSourcesBuildPhase section */
		7FAD0F462A44B396000E35E7 /* Sources */ = {
			isa = PBXSourcesBuildPhase;
			buildActionMask = 2147483647;
			files = (
				7FAD0F962A46A524000E35E7 /* ProfileInfoVC.swift in Sources */,
				7FAD0FA22A46BEEB000E35E7 /* BannerCellFlowLayout.swift in Sources */,
				7FAD0F522A44B396000E35E7 /* MainViewController.swift in Sources */,
				7FAD0FAA2A46D0C9000E35E7 /* MenuCatergoryCell.swift in Sources */,
				7FAD0F882A46A268000E35E7 /* TabBarController.swift in Sources */,
				7FAD0F902A46A3AB000E35E7 /* ProfileInfoPresenter.swift in Sources */,
				7FAD0F4E2A44B396000E35E7 /* AppDelegate.swift in Sources */,
				7FAD0F9F2A46BB4A000E35E7 /* PizzaListHomeView.swift in Sources */,
				7FAD0F8E2A46A397000E35E7 /* ShoppingCartPresenter.swift in Sources */,
				7FAD0F982A46A539000E35E7 /* ShoppingCartVC.swift in Sources */,
				7FAD0FA82A46CBE8000E35E7 /* AdvertisementBannerCollectionCell.swift in Sources */,
				7FAD0FA62A46C268000E35E7 /* AdvertisementBannerCollectionLayout.swift in Sources */,
				7FAD0F9D2A46B3DC000E35E7 /* Model.swift in Sources */,
				7FAD0F9B2A46B20E000E35E7 /* ApiService.swift in Sources */,
				7FAD0F8A2A46A35D000E35E7 /* ContactInfoPresenter.swift in Sources */,
				7FAD0FAE2A46DA0C000E35E7 /* Extensions.swift in Sources */,
				7FAD0F502A44B396000E35E7 /* SceneDelegate.swift in Sources */,
				7FAD0F922A46A3D9000E35E7 /* PizzaListVC.swift in Sources */,
				7FAD0F8C2A46A36F000E35E7 /* PizzaListPresenter.swift in Sources */,
				7FAD0F942A46A50D000E35E7 /* ContactInfoVC.swift in Sources */,
			);
			runOnlyForDeploymentPostprocessing = 0;
		};
/* End PBXSourcesBuildPhase section */

/* Begin PBXVariantGroup section */
		7FAD0F582A44B397000E35E7 /* LaunchScreen.storyboard */ = {
			isa = PBXVariantGroup;
			children = (
				7FAD0F592A44B397000E35E7 /* Base */,
			);
			name = LaunchScreen.storyboard;
			sourceTree = "<group>";
		};
/* End PBXVariantGroup section */

/* Begin XCBuildConfiguration section */
		7FAD0F5C2A44B397000E35E7 /* Debug */ = {
			isa = XCBuildConfiguration;
			buildSettings = {
				ALWAYS_SEARCH_USER_PATHS = NO;
				CLANG_ANALYZER_NONNULL = YES;
				CLANG_ANALYZER_NUMBER_OBJECT_CONVERSION = YES_AGGRESSIVE;
				CLANG_CXX_LANGUAGE_STANDARD = "gnu++20";
				CLANG_ENABLE_MODULES = YES;
				CLANG_ENABLE_OBJC_ARC = YES;
				CLANG_ENABLE_OBJC_WEAK = YES;
				CLANG_WARN_BLOCK_CAPTURE_AUTORELEASING = YES;
				CLANG_WARN_BOOL_CONVERSION = YES;
				CLANG_WARN_COMMA = YES;
				CLANG_WARN_CONSTANT_CONVERSION = YES;
				CLANG_WARN_DEPRECATED_OBJC_IMPLEMENTATIONS = YES;
				CLANG_WARN_DIRECT_OBJC_ISA_USAGE = YES_ERROR;
				CLANG_WARN_DOCUMENTATION_COMMENTS = YES;
				CLANG_WARN_EMPTY_BODY = YES;
				CLANG_WARN_ENUM_CONVERSION = YES;
				CLANG_WARN_INFINITE_RECURSION = YES;
				CLANG_WARN_INT_CONVERSION = YES;
				CLANG_WARN_NON_LITERAL_NULL_CONVERSION = YES;
				CLANG_WARN_OBJC_IMPLICIT_RETAIN_SELF = YES;
				CLANG_WARN_OBJC_LITERAL_CONVERSION = YES;
				CLANG_WARN_OBJC_ROOT_CLASS = YES_ERROR;
				CLANG_WARN_QUOTED_INCLUDE_IN_FRAMEWORK_HEADER = YES;
				CLANG_WARN_RANGE_LOOP_ANALYSIS = YES;
				CLANG_WARN_STRICT_PROTOTYPES = YES;
				CLANG_WARN_SUSPICIOUS_MOVE = YES;
				CLANG_WARN_UNGUARDED_AVAILABILITY = YES_AGGRESSIVE;
				CLANG_WARN_UNREACHABLE_CODE = YES;
				CLANG_WARN__DUPLICATE_METHOD_MATCH = YES;
				COPY_PHASE_STRIP = NO;
				DEBUG_INFORMATION_FORMAT = dwarf;
				ENABLE_STRICT_OBJC_MSGSEND = YES;
				ENABLE_TESTABILITY = YES;
				GCC_C_LANGUAGE_STANDARD = gnu11;
				GCC_DYNAMIC_NO_PIC = NO;
				GCC_NO_COMMON_BLOCKS = YES;
				GCC_OPTIMIZATION_LEVEL = 0;
				GCC_PREPROCESSOR_DEFINITIONS = (
					"DEBUG=1",
					"$(inherited)",
				);
				GCC_WARN_64_TO_32_BIT_CONVERSION = YES;
				GCC_WARN_ABOUT_RETURN_TYPE = YES_ERROR;
				GCC_WARN_UNDECLARED_SELECTOR = YES;
				GCC_WARN_UNINITIALIZED_AUTOS = YES_AGGRESSIVE;
				GCC_WARN_UNUSED_FUNCTION = YES;
				GCC_WARN_UNUSED_VARIABLE = YES;
				IPHONEOS_DEPLOYMENT_TARGET = 16.0;
				MTL_ENABLE_DEBUG_INFO = INCLUDE_SOURCE;
				MTL_FAST_MATH = YES;
				ONLY_ACTIVE_ARCH = YES;
				SDKROOT = iphoneos;
				SWIFT_ACTIVE_COMPILATION_CONDITIONS = DEBUG;
				SWIFT_OPTIMIZATION_LEVEL = "-Onone";
			};
			name = Debug;
		};
		7FAD0F5D2A44B397000E35E7 /* Release */ = {
			isa = XCBuildConfiguration;
			buildSettings = {
				ALWAYS_SEARCH_USER_PATHS = NO;
				CLANG_ANALYZER_NONNULL = YES;
				CLANG_ANALYZER_NUMBER_OBJECT_CONVERSION = YES_AGGRESSIVE;
				CLANG_CXX_LANGUAGE_STANDARD = "gnu++20";
				CLANG_ENABLE_MODULES = YES;
				CLANG_ENABLE_OBJC_ARC = YES;
				CLANG_ENABLE_OBJC_WEAK = YES;
				CLANG_WARN_BLOCK_CAPTURE_AUTORELEASING = YES;
				CLANG_WARN_BOOL_CONVERSION = YES;
				CLANG_WARN_COMMA = YES;
				CLANG_WARN_CONSTANT_CONVERSION = YES;
				CLANG_WARN_DEPRECATED_OBJC_IMPLEMENTATIONS = YES;
				CLANG_WARN_DIRECT_OBJC_ISA_USAGE = YES_ERROR;
				CLANG_WARN_DOCUMENTATION_COMMENTS = YES;
				CLANG_WARN_EMPTY_BODY = YES;
				CLANG_WARN_ENUM_CONVERSION = YES;
				CLANG_WARN_INFINITE_RECURSION = YES;
				CLANG_WARN_INT_CONVERSION = YES;
				CLANG_WARN_NON_LITERAL_NULL_CONVERSION = YES;
				CLANG_WARN_OBJC_IMPLICIT_RETAIN_SELF = YES;
				CLANG_WARN_OBJC_LITERAL_CONVERSION = YES;
				CLANG_WARN_OBJC_ROOT_CLASS = YES_ERROR;
				CLANG_WARN_QUOTED_INCLUDE_IN_FRAMEWORK_HEADER = YES;
				CLANG_WARN_RANGE_LOOP_ANALYSIS = YES;
				CLANG_WARN_STRICT_PROTOTYPES = YES;
				CLANG_WARN_SUSPICIOUS_MOVE = YES;
				CLANG_WARN_UNGUARDED_AVAILABILITY = YES_AGGRESSIVE;
				CLANG_WARN_UNREACHABLE_CODE = YES;
				CLANG_WARN__DUPLICATE_METHOD_MATCH = YES;
				COPY_PHASE_STRIP = NO;
				DEBUG_INFORMATION_FORMAT = "dwarf-with-dsym";
				ENABLE_NS_ASSERTIONS = NO;
				ENABLE_STRICT_OBJC_MSGSEND = YES;
				GCC_C_LANGUAGE_STANDARD = gnu11;
				GCC_NO_COMMON_BLOCKS = YES;
				GCC_WARN_64_TO_32_BIT_CONVERSION = YES;
				GCC_WARN_ABOUT_RETURN_TYPE = YES_ERROR;
				GCC_WARN_UNDECLARED_SELECTOR = YES;
				GCC_WARN_UNINITIALIZED_AUTOS = YES_AGGRESSIVE;
				GCC_WARN_UNUSED_FUNCTION = YES;
				GCC_WARN_UNUSED_VARIABLE = YES;
				IPHONEOS_DEPLOYMENT_TARGET = 16.0;
				MTL_ENABLE_DEBUG_INFO = NO;
				MTL_FAST_MATH = YES;
				SDKROOT = iphoneos;
				SWIFT_COMPILATION_MODE = wholemodule;
				SWIFT_OPTIMIZATION_LEVEL = "-O";
				VALIDATE_PRODUCT = YES;
			};
			name = Release;
		};
		7FAD0F5F2A44B397000E35E7 /* Debug */ = {
			isa = XCBuildConfiguration;
			baseConfigurationReference = B9CD681471F282E862018D25 /* Pods-H_TakeHome.debug.xcconfig */;
			buildSettings = {
				ASSETCATALOG_COMPILER_APPICON_NAME = AppIcon;
				ASSETCATALOG_COMPILER_GLOBAL_ACCENT_COLOR_NAME = AccentColor;
				CODE_SIGN_STYLE = Automatic;
				CURRENT_PROJECT_VERSION = 1;
				DEVELOPMENT_TEAM = WT77VV47BZ;
				GENERATE_INFOPLIST_FILE = YES;
				INFOPLIST_FILE = H_TakeHome/Info.plist;
				INFOPLIST_KEY_UIApplicationSupportsIndirectInputEvents = YES;
				INFOPLIST_KEY_UILaunchStoryboardName = LaunchScreen;
				INFOPLIST_KEY_UIMainStoryboardFile = "";
				INFOPLIST_KEY_UISupportedInterfaceOrientations_iPad = "UIInterfaceOrientationPortrait UIInterfaceOrientationPortraitUpsideDown UIInterfaceOrientationLandscapeLeft UIInterfaceOrientationLandscapeRight";
				INFOPLIST_KEY_UISupportedInterfaceOrientations_iPhone = "UIInterfaceOrientationPortrait UIInterfaceOrientationLandscapeLeft UIInterfaceOrientationLandscapeRight";
				LD_RUNPATH_SEARCH_PATHS = (
					"$(inherited)",
					"@executable_path/Frameworks",
				);
				MARKETING_VERSION = 1.0;
				PRODUCT_BUNDLE_IDENTIFIER = "com.tony-kara.H-TakeHome";
				PRODUCT_NAME = "$(TARGET_NAME)";
				SWIFT_EMIT_LOC_STRINGS = YES;
				SWIFT_VERSION = 5.0;
				TARGETED_DEVICE_FAMILY = "1,2";
			};
			name = Debug;
		};
		7FAD0F602A44B397000E35E7 /* Release */ = {
			isa = XCBuildConfiguration;
			baseConfigurationReference = 9EBD966C8D2E95AA6A5838BF /* Pods-H_TakeHome.release.xcconfig */;
			buildSettings = {
				ASSETCATALOG_COMPILER_APPICON_NAME = AppIcon;
				ASSETCATALOG_COMPILER_GLOBAL_ACCENT_COLOR_NAME = AccentColor;
				CODE_SIGN_STYLE = Automatic;
				CURRENT_PROJECT_VERSION = 1;
				DEVELOPMENT_TEAM = WT77VV47BZ;
				GENERATE_INFOPLIST_FILE = YES;
				INFOPLIST_FILE = H_TakeHome/Info.plist;
				INFOPLIST_KEY_UIApplicationSupportsIndirectInputEvents = YES;
				INFOPLIST_KEY_UILaunchStoryboardName = LaunchScreen;
				INFOPLIST_KEY_UIMainStoryboardFile = "";
				INFOPLIST_KEY_UISupportedInterfaceOrientations_iPad = "UIInterfaceOrientationPortrait UIInterfaceOrientationPortraitUpsideDown UIInterfaceOrientationLandscapeLeft UIInterfaceOrientationLandscapeRight";
				INFOPLIST_KEY_UISupportedInterfaceOrientations_iPhone = "UIInterfaceOrientationPortrait UIInterfaceOrientationLandscapeLeft UIInterfaceOrientationLandscapeRight";
				LD_RUNPATH_SEARCH_PATHS = (
					"$(inherited)",
					"@executable_path/Frameworks",
				);
				MARKETING_VERSION = 1.0;
				PRODUCT_BUNDLE_IDENTIFIER = "com.tony-kara.H-TakeHome";
				PRODUCT_NAME = "$(TARGET_NAME)";
				SWIFT_EMIT_LOC_STRINGS = YES;
				SWIFT_VERSION = 5.0;
				TARGETED_DEVICE_FAMILY = "1,2";
			};
			name = Release;
		};
/* End XCBuildConfiguration section */

/* Begin XCConfigurationList section */
		7FAD0F452A44B396000E35E7 /* Build configuration list for PBXProject "H_TakeHome" */ = {
			isa = XCConfigurationList;
			buildConfigurations = (
				7FAD0F5C2A44B397000E35E7 /* Debug */,
				7FAD0F5D2A44B397000E35E7 /* Release */,
			);
			defaultConfigurationIsVisible = 0;
			defaultConfigurationName = Release;
		};
		7FAD0F5E2A44B397000E35E7 /* Build configuration list for PBXNativeTarget "H_TakeHome" */ = {
			isa = XCConfigurationList;
			buildConfigurations = (
				7FAD0F5F2A44B397000E35E7 /* Debug */,
				7FAD0F602A44B397000E35E7 /* Release */,
			);
			defaultConfigurationIsVisible = 0;
			defaultConfigurationName = Release;
		};
/* End XCConfigurationList section */
	};
	rootObject = 7FAD0F422A44B396000E35E7 /* Project object */;
}
